
Microsoft Visual Studio Solution File, Format Version 12.00
# Visual Studio Version 17
VisualStudioVersion = 17.14.36414.22 d17.14
MinimumVisualStudioVersion = 10.0.40219.1
Project("{FAE04EC0-301F-11D3-BF4B-00C04F79EFBC}") = "opentk-learn", "opentk-learn.csproj", "{9EF2B545-1868-4CFF-A14E-136D3F0A642C}"
EndProject
Global
	GlobalSection(SolutionConfigurationPlatforms) = preSolution
		Debug|Any CPU = Debug|Any CPU
		Release|Any CPU = Release|Any CPU
	EndGlobalSection
	GlobalSection(ProjectConfigurationPlatforms) = postSolution
		{9EF2B545-1868-4CFF-A14E-136D3F0A642C}.Debug|Any CPU.ActiveCfg = Debug|Any CPU
		{9EF2B545-1868-4CFF-A14E-136D3F0A642C}.Debug|Any CPU.Build.0 = Debug|Any CPU
		{9EF2B545-1868-4CFF-A14E-136D3F0A642C}.Release|Any CPU.ActiveCfg = Release|Any CPU
		{9EF2B545-1868-4CFF-A14E-136D3F0A642C}.Release|Any CPU.Build.0 = Release|Any CPU
	EndGlobalSection
	GlobalSection(SolutionProperties) = preSolution
		HideSolutionNode = FALSE
	EndGlobalSection
	GlobalSection(ExtensibilityGlobals) = postSolution
		SolutionGuid = {C11884DE-D096-4607-9A1E-1BC82F04159B}
	EndGlobalSection
EndGlobal
